# This file is autogenerated, do not edit; changes may be undone by the next 'dep ensure'.


[[projects]]
  branch = "master"
  name = "github.com/garyburd/go-oauth"
  packages = ["oauth"]
  revision = "bca2e7f09a178fd36b034107a00e2323bca6a82e"

[[projects]]
  branch = "master"
  name = "golang.org/x/net"
  packages = ["context"]
  revision = "5f9ae10d9af5b1c89ae6904293b14b064d4ada23"

[[projects]]
  name = "gopkg.in/jmervine/GoT.v1"
  packages = ["."]
  revision = "ffdd9e44910a762e6410b7a6f4c8c7b506b4daeb"
  version = "v1"

[solve-meta]
  analyzer-name = "dep"
  analyzer-version = 1
  inputs-digest = "503c6d02c423e52ece22cbf34818c2c3c2402a11012dab68342a1999ec07f793"
  solver-name = "gps-cdcl"
  solver-version = 1
